
Microsoft Visual Studio Solution File, Format Version 12.00
# Visual Studio Version 17
VisualStudioVersion = 17.2.32519.379
MinimumVisualStudioVersion = 10.0.40219.1
Project("{9A19103F-16F7-4668-BE54-9A1E7A4F7556}") = "BlingTree", "BlingTree\BlingTree.csproj", "{2077E907-F07D-49DD-8F4D-095BA5115A72}"
EndProject
Global
	GlobalSection(SolutionConfigurationPlatforms) = preSolution
		Debug|Any CPU = Debug|Any CPU
		Release|Any CPU = Release|Any CPU
	EndGlobalSection
	GlobalSection(ProjectConfigurationPlatforms) = postSolution
		{2077E907-F07D-49DD-8F4D-095BA5115A72}.Debug|Any CPU.ActiveCfg = Debug|Any CPU
		{2077E907-F07D-49DD-8F4D-095BA5115A72}.Debug|Any CPU.Build.0 = Debug|Any CPU
		{2077E907-F07D-49DD-8F4D-095BA5115A72}.Release|Any CPU.ActiveCfg = Release|Any CPU
		{2077E907-F07D-49DD-8F4D-095BA5115A72}.Release|Any CPU.Build.0 = Release|Any CPU
	EndGlobalSection
	GlobalSection(SolutionProperties) = preSolution
		HideSolutionNode = FALSE
	EndGlobalSection
	GlobalSection(ExtensibilityGlobals) = postSolution
		SolutionGuid = {87CA9CE5-2151-4E74-9334-960CE05EE5C5}
	EndGlobalSection
EndGlobal
